
Microsoft Visual Studio Solution File, Format Version 12.00
# Visual Studio Version 16
VisualStudioVersion = 16.0.30128.74
MinimumVisualStudioVersion = 10.0.40219.1
Project("{FAE04EC0-301F-11D3-BF4B-00C04F79EFBC}") = "MongoDb.Asp.ConfigurationProvider", "MongoDb.Asp.ConfigurationProvider\MongoDb.Asp.ConfigurationProvider.csproj", "{3DC86769-86D5-40A1-9FB9-BA7E3D62C082}"
EndProject
Project("{FAE04EC0-301F-11D3-BF4B-00C04F79EFBC}") = "TestWebApp", "TestWebApp\TestWebApp.csproj", "{8D02861C-2E48-4521-8CE5-0047C5520846}"
EndProject
Global
	GlobalSection(SolutionConfigurationPlatforms) = preSolution
		Debug|Any CPU = Debug|Any CPU
		Release|Any CPU = Release|Any CPU
	EndGlobalSection
	GlobalSection(ProjectConfigurationPlatforms) = postSolution
		{3DC86769-86D5-40A1-9FB9-BA7E3D62C082}.Debug|Any CPU.ActiveCfg = Debug|Any CPU
		{3DC86769-86D5-40A1-9FB9-BA7E3D62C082}.Debug|Any CPU.Build.0 = Debug|Any CPU
		{3DC86769-86D5-40A1-9FB9-BA7E3D62C082}.Release|Any CPU.ActiveCfg = Release|Any CPU
		{3DC86769-86D5-40A1-9FB9-BA7E3D62C082}.Release|Any CPU.Build.0 = Release|Any CPU
		{8D02861C-2E48-4521-8CE5-0047C5520846}.Debug|Any CPU.ActiveCfg = Debug|Any CPU
		{8D02861C-2E48-4521-8CE5-0047C5520846}.Debug|Any CPU.Build.0 = Debug|Any CPU
		{8D02861C-2E48-4521-8CE5-0047C5520846}.Release|Any CPU.ActiveCfg = Release|Any CPU
		{8D02861C-2E48-4521-8CE5-0047C5520846}.Release|Any CPU.Build.0 = Release|Any CPU
	EndGlobalSection
	GlobalSection(SolutionProperties) = preSolution
		HideSolutionNode = FALSE
	EndGlobalSection
	GlobalSection(ExtensibilityGlobals) = postSolution
		SolutionGuid = {8B927A7F-9F03-4FDD-A184-E28E4375678D}
	EndGlobalSection
EndGlobal
